// !$*UTF8*$!
{
	archiveVersion = 1;
	classes = {
	};
	objectVersion = 50;
	objects = {

/* Begin PBXBuildFile section */
		1FEFF4AA2200F4A200C4C4C1 /* AppDelegate.swift in Sources */ = {isa = PBXBuildFile; fileRef = 1FEFF4A92200F4A200C4C4C1 /* AppDelegate.swift */; };
		1FEFF4AC2200F4A200C4C4C1 /* ViewController.swift in Sources */ = {isa = PBXBuildFile; fileRef = 1FEFF4AB2200F4A200C4C4C1 /* ViewController.swift */; };
		1FEFF4AF2200F4A200C4C4C1 /* Main.storyboard in Resources */ = {isa = PBXBuildFile; fileRef = 1FEFF4AD2200F4A200C4C4C1 /* Main.storyboard */; };
		1FEFF4B12200F4A300C4C4C1 /* Assets.xcassets in Resources */ = {isa = PBXBuildFile; fileRef = 1FEFF4B02200F4A300C4C4C1 /* Assets.xcassets */; };
		1FEFF4B42200F4A300C4C4C1 /* LaunchScreen.storyboard in Resources */ = {isa = PBXBuildFile; fileRef = 1FEFF4B22200F4A300C4C4C1 /* LaunchScreen.storyboard */; };
		8C24F38E0BC84A62D2C796E4 /* Pods_TCPTest.framework in Frameworks */ = {isa = PBXBuildFile; fileRef = 99E27CE62117EE72F0F77C1D /* Pods_TCPTest.framework */; };
/* End PBXBuildFile section */

/* Begin PBXFileReference section */
		1FEFF4A62200F4A200C4C4C1 /* TCPTest.app */ = {isa = PBXFileReference; explicitFileType = wrapper.application; includeInIndex = 0; path = TCPTest.app; sourceTree = BUILT_PRODUCTS_DIR; };
		1FEFF4A92200F4A200C4C4C1 /* AppDelegate.swift */ = {isa = PBXFileReference; lastKnownFileType = sourcecode.swift; path = AppDelegate.swift; sourceTree = "<group>"; };
		1FEFF4AB2200F4A200C4C4C1 /* ViewController.swift */ = {isa = PBXFileReference; lastKnownFileType = sourcecode.swift; path = ViewController.swift; sourceTree = "<group>"; };
		1FEFF4AE2200F4A200C4C4C1 /* Base */ = {isa = PBXFileReference; lastKnownFileType = file.storyboard; name = Base; path = Base.lproj/Main.storyboard; sourceTree = "<group>"; };
		1FEFF4B02200F4A300C4C4C1 /* Assets.xcassets */ = {isa = PBXFileReference; lastKnownFileType = folder.assetcatalog; path = Assets.xcassets; sourceTree = "<group>"; };
		1FEFF4B32200F4A300C4C4C1 /* Base */ = {isa = PBXFileReference; lastKnownFileType = file.storyboard; name = Base; path = Base.lproj/LaunchScreen.storyboard; sourceTree = "<group>"; };
		1FEFF4B52200F4A300C4C4C1 /* Info.plist */ = {isa = PBXFileReference; lastKnownFileType = text.plist.xml; path = Info.plist; sourceTree = "<group>"; };
		4D180DE0A69B026A7FF7A940 /* Pods-TCPTest.release.xcconfig */ = {isa = PBXFileReference; includeInIndex = 1; lastKnownFileType = text.xcconfig; name = "Pods-TCPTest.release.xcconfig"; path = "Pods/Target Support Files/Pods-TCPTest/Pods-TCPTest.release.xcconfig"; sourceTree = "<group>"; };
		99E27CE62117EE72F0F77C1D /* Pods_TCPTest.framework */ = {isa = PBXFileReference; explicitFileType = wrapper.framework; includeInIndex = 0; path = Pods_TCPTest.framework; sourceTree = BUILT_PRODUCTS_DIR; };
		BE7A11DE35E7B7EADB21564F /* Pods-TCPTest.debug.xcconfig */ = {isa = PBXFileReference; includeInIndex = 1; lastKnownFileType = text.xcconfig; name = "Pods-TCPTest.debug.xcconfig"; path = "Pods/Target Support Files/Pods-TCPTest/Pods-TCPTest.debug.xcconfig"; sourceTree = "<group>"; };
/* End PBXFileReference section */

/* Begin PBXFrameworksBuildPhase section */
		1FEFF4A32200F4A200C4C4C1 /* Frameworks */ = {
			isa = PBXFrameworksBuildPhase;
			buildActionMask = 2147483647;
			files = (
				8C24F38E0BC84A62D2C796E4 /* Pods_TCPTest.framework in Frameworks */,
			);
			runOnlyForDeploymentPostprocessing = 0;
		};
/* End PBXFrameworksBuildPhase section */

/* Begin PBXGroup section */
		1FEFF49D2200F4A200C4C4C1 = {
			isa = PBXGroup;
			children = (
				1FEFF4A82200F4A200C4C4C1 /* TCPTest */,
				1FEFF4A72200F4A200C4C4C1 /* Products */,
				2208DA37A7C24E3DE627739F /* Pods */,
				CD6D56ED401686543CE2F80C /* Frameworks */,
			);
			sourceTree = "<group>";
		};
		1FEFF4A72200F4A200C4C4C1 /* Products */ = {
			isa = PBXGroup;
			children = (
				1FEFF4A62200F4A200C4C4C1 /* TCPTest.app */,
			);
			name = Products;
			sourceTree = "<group>";
		};
		1FEFF4A82200F4A200C4C4C1 /* TCPTest */ = {
			isa = PBXGroup;
			children = (
				1FEFF4A92200F4A200C4C4C1 /* AppDelegate.swift */,
				1FEFF4AB2200F4A200C4C4C1 /* ViewController.swift */,
				1FEFF4AD2200F4A200C4C4C1 /* Main.storyboard */,
				1FEFF4B02200F4A300C4C4C1 /* Assets.xcassets */,
				1FEFF4B22200F4A300C4C4C1 /* LaunchScreen.storyboard */,
				1FEFF4B52200F4A300C4C4C1 /* Info.plist */,
			);
			path = TCPTest;
			sourceTree = "<group>";
		};
		2208DA37A7C24E3DE627739F /* Pods */ = {
			isa = PBXGroup;
			children = (
				BE7A11DE35E7B7EADB21564F /* Pods-TCPTest.debug.xcconfig */,
				4D180DE0A69B026A7FF7A940 /* Pods-TCPTest.release.xcconfig */,
			);
			name = Pods;
			sourceTree = "<group>";
		};
		CD6D56ED401686543CE2F80C /* Frameworks */ = {
			isa = PBXGroup;
			children = (
				99E27CE62117EE72F0F77C1D /* Pods_TCPTest.framework */,
			);
			name = Frameworks;
			sourceTree = "<group>";
		};
/* End PBXGroup section */

/* Begin PBXNativeTarget section */
		1FEFF4A52200F4A200C4C4C1 /* TCPTest */ = {
			isa = PBXNativeTarget;
			buildConfigurationList = 1FEFF4B82200F4A300C4C4C1 /* Build configuration list for PBXNativeTarget "TCPTest" */;
			buildPhases = (
				4EC2D87968F29749EB3A88C6 /* [CP] Check Pods Manifest.lock */,
				1FEFF4A22200F4A200C4C4C1 /* Sources */,
				1FEFF4A32200F4A200C4C4C1 /* Frameworks */,
				1FEFF4A42200F4A200C4C4C1 /* Resources */,
				49114389E7623FFC453BFB3B /* [CP] Embed Pods Frameworks */,
			);
			buildRules = (
			);
			dependencies = (
			);
			name = TCPTest;
			productName = TCPTest;
			productReference = 1FEFF4A62200F4A200C4C4C1 /* TCPTest.app */;
			productType = "com.apple.product-type.application";
		};
/* End PBXNativeTarget section */

/* Begin PBXProject section */
		1FEFF49E2200F4A200C4C4C1 /* Project object */ = {
			isa = PBXProject;
			attributes = {
				LastSwiftUpdateCheck = 1010;
				LastUpgradeCheck = 1010;
				ORGANIZATIONNAME = "Zhenyi He";
				TargetAttributes = {
					1FEFF4A52200F4A200C4C4C1 = {
						CreatedOnToolsVersion = 10.1;
					};
				};
			};
			buildConfigurationList = 1FEFF4A12200F4A200C4C4C1 /* Build configuration list for PBXProject "TCPTest" */;
			compatibilityVersion = "Xcode 9.3";
			developmentRegion = en;
			hasScannedForEncodings = 0;
			knownRegions = (
				en,
				Base,
			);
			mainGroup = 1FEFF49D2200F4A200C4C4C1;
			productRefGroup = 1FEFF4A72200F4A200C4C4C1 /* Products */;
			projectDirPath = "";
			projectRoot = "";
			targets = (
				1FEFF4A52200F4A200C4C4C1 /* TCPTest */,
			);
		};
/* End PBXProject section */

/* Begin PBXResourcesBuildPhase section */
		1FEFF4A42200F4A200C4C4C1 /* Resources */ = {
			isa = PBXResourcesBuildPhase;
			buildActionMask = 2147483647;
			files = (
				1FEFF4B42200F4A300C4C4C1 /* LaunchScreen.storyboard in Resources */,
				1FEFF4B12200F4A300C4C4C1 /* Assets.xcassets in Resources */,
				1FEFF4AF2200F4A200C4C4C1 /* Main.storyboard in Resources */,
			);
			runOnlyForDeploymentPostprocessing = 0;
		};
/* End PBXResourcesBuildPhase section */

/* Begin PBXShellScriptBuildPhase section */
		49114389E7623FFC453BFB3B /* [CP] Embed Pods Frameworks */ = {
			isa = PBXShellScriptBuildPhase;
			buildActionMask = 2147483647;
			files = (
			);
			inputFileListPaths = (
			);
			inputPaths = (
				"${SRCROOT}/Pods/Target Support Files/Pods-TCPTest/Pods-TCPTest-frameworks.sh",
				"${BUILT_PRODUCTS_DIR}/SwiftSocket/SwiftSocket.framework",
			);
			name = "[CP] Embed Pods Frameworks";
			outputFileListPaths = (
			);
			outputPaths = (
				"${TARGET_BUILD_DIR}/${FRAMEWORKS_FOLDER_PATH}/SwiftSocket.framework",
			);
			runOnlyForDeploymentPostprocessing = 0;
			shellPath = /bin/sh;
			shellScript = "\"${SRCROOT}/Pods/Target Support Files/Pods-TCPTest/Pods-TCPTest-frameworks.sh\"\n";
			showEnvVarsInLog = 0;
		};
		4EC2D87968F29749EB3A88C6 /* [CP] Check Pods Manifest.lock */ = {
			isa = PBXShellScriptBuildPhase;
			buildActionMask = 2147483647;
			files = (
			);
			inputFileListPaths = (
			);
			inputPaths = (
				"${PODS_PODFILE_DIR_PATH}/Podfile.lock",
				"${PODS_ROOT}/Manifest.lock",
			);
			name = "[CP] Check Pods Manifest.lock";
			outputFileListPaths = (
			);
			outputPaths = (
				"$(DERIVED_FILE_DIR)/Pods-TCPTest-checkManifestLockResult.txt",
			);
			runOnlyForDeploymentPostprocessing = 0;
			shellPath = /bin/sh;
			shellScript = "diff \"${PODS_PODFILE_DIR_PATH}/Podfile.lock\" \"${PODS_ROOT}/Manifest.lock\" > /dev/null\nif [ $? != 0 ] ; then\n    # print error to STDERR\n    echo \"error: The sandbox is not in sync with the Podfile.lock. Run 'pod install' or update your CocoaPods installation.\" >&2\n    exit 1\nfi\n# This output is used by Xcode 'outputs' to avoid re-running this script phase.\necho \"SUCCESS\" > \"${SCRIPT_OUTPUT_FILE_0}\"\n";
			showEnvVarsInLog = 0;
		};
/* End PBXShellScriptBuildPhase section */

/* Begin PBXSourcesBuildPhase section */
		1FEFF4A22200F4A200C4C4C1 /* Sources */ = {
			isa = PBXSourcesBuildPhase;
			buildActionMask = 2147483647;
			files = (
				1FEFF4AC2200F4A200C4C4C1 /* ViewController.swift in Sources */,
				1FEFF4AA2200F4A200C4C4C1 /* AppDelegate.swift in Sources */,
			);
			runOnlyForDeploymentPostprocessing = 0;
		};
/* End PBXSourcesBuildPhase section */

/* Begin PBXVariantGroup section */
		1FEFF4AD2200F4A200C4C4C1 /* Main.storyboard */ = {
			isa = PBXVariantGroup;
			children = (
				1FEFF4AE2200F4A200C4C4C1 /* Base */,
			);
			name = Main.storyboard;
			sourceTree = "<group>";
		};
		1FEFF4B22200F4A300C4C4C1 /* LaunchScreen.storyboard */ = {
			isa = PBXVariantGroup;
			children = (
				1FEFF4B32200F4A300C4C4C1 /* Base */,
			);
			name = LaunchScreen.storyboard;
			sourceTree = "<group>";
		};
/* End PBXVariantGroup section */

/* Begin XCBuildConfiguration section */
		1FEFF4B62200F4A300C4C4C1 /* Debug */ = {
			isa = XCBuildConfiguration;
			buildSettings = {
				ALWAYS_SEARCH_USER_PATHS = NO;
				CLANG_ANALYZER_NONNULL = YES;
				CLANG_ANALYZER_NUMBER_OBJECT_CONVERSION = YES_AGGRESSIVE;
				CLANG_CXX_LANGUAGE_STANDARD = "gnu++14";
				CLANG_CXX_LIBRARY = "libc++";
				CLANG_ENABLE_MODULES = YES;
				CLANG_ENABLE_OBJC_ARC = YES;
				CLANG_ENABLE_OBJC_WEAK = YES;
				CLANG_WARN_BLOCK_CAPTURE_AUTORELEASING = YES;
				CLANG_WARN_BOOL_CONVERSION = YES;
				CLANG_WARN_COMMA = YES;
				CLANG_WARN_CONSTANT_CONVERSION = YES;
				CLANG_WARN_DEPRECATED_OBJC_IMPLEMENTATIONS = YES;
				CLANG_WARN_DIRECT_OBJC_ISA_USAGE = YES_ERROR;
				CLANG_WARN_DOCUMENTATION_COMMENTS = YES;
				CLANG_WARN_EMPTY_BODY = YES;
				CLANG_WARN_ENUM_CONVERSION = YES;
				CLANG_WARN_INFINITE_RECURSION = YES;
				CLANG_WARN_INT_CONVERSION = YES;
				CLANG_WARN_NON_LITERAL_NULL_CONVERSION = YES;
				CLANG_WARN_OBJC_IMPLICIT_RETAIN_SELF = YES;
				CLANG_WARN_OBJC_LITERAL_CONVERSION = YES;
				CLANG_WARN_OBJC_ROOT_CLASS = YES_ERROR;
				CLANG_WARN_RANGE_LOOP_ANALYSIS = YES;
				CLANG_WARN_STRICT_PROTOTYPES = YES;
				CLANG_WARN_SUSPICIOUS_MOVE = YES;
				CLANG_WARN_UNGUARDED_AVAILABILITY = YES_AGGRESSIVE;
				CLANG_WARN_UNREACHABLE_CODE = YES;
				CLANG_WARN__DUPLICATE_METHOD_MATCH = YES;
				CODE_SIGN_IDENTITY = "iPhone Developer";
				COPY_PHASE_STRIP = NO;
				DEBUG_INFORMATION_FORMAT = dwarf;
				ENABLE_STRICT_OBJC_MSGSEND = YES;
				ENABLE_TESTABILITY = YES;
				GCC_C_LANGUAGE_STANDARD = gnu11;
				GCC_DYNAMIC_NO_PIC = NO;
				GCC_NO_COMMON_BLOCKS = YES;
				GCC_OPTIMIZATION_LEVEL = 0;
				GCC_PREPROCESSOR_DEFINITIONS = (
					"DEBUG=1",
					"$(inherited)",
				);
				GCC_WARN_64_TO_32_BIT_CONVERSION = YES;
				GCC_WARN_ABOUT_RETURN_TYPE = YES_ERROR;
				GCC_WARN_UNDECLARED_SELECTOR = YES;
				GCC_WARN_UNINITIALIZED_AUTOS = YES_AGGRESSIVE;
				GCC_WARN_UNUSED_FUNCTION = YES;
				GCC_WARN_UNUSED_VARIABLE = YES;
				IPHONEOS_DEPLOYMENT_TARGET = 12.1;
				MTL_ENABLE_DEBUG_INFO = INCLUDE_SOURCE;
				MTL_FAST_MATH = YES;
				ONLY_ACTIVE_ARCH = YES;
				SDKROOT = iphoneos;
				SWIFT_ACTIVE_COMPILATION_CONDITIONS = DEBUG;
				SWIFT_OPTIMIZATION_LEVEL = "-Onone";
			};
			name = Debug;
		};
		1FEFF4B72200F4A300C4C4C1 /* Release */ = {
			isa = XCBuildConfiguration;
			buildSettings = {
				ALWAYS_SEARCH_USER_PATHS = NO;
				CLANG_ANALYZER_NONNULL = YES;
				CLANG_ANALYZER_NUMBER_OBJECT_CONVERSION = YES_AGGRESSIVE;
				CLANG_CXX_LANGUAGE_STANDARD = "gnu++14";
				CLANG_CXX_LIBRARY = "libc++";
				CLANG_ENABLE_MODULES = YES;
				CLANG_ENABLE_OBJC_ARC = YES;
				CLANG_ENABLE_OBJC_WEAK = YES;
				CLANG_WARN_BLOCK_CAPTURE_AUTORELEASING = YES;
				CLANG_WARN_BOOL_CONVERSION = YES;
				CLANG_WARN_COMMA = YES;
				CLANG_WARN_CONSTANT_CONVERSION = YES;
				CLANG_WARN_DEPRECATED_OBJC_IMPLEMENTATIONS = YES;
				CLANG_WARN_DIRECT_OBJC_ISA_USAGE = YES_ERROR;
				CLANG_WARN_DOCUMENTATION_COMMENTS = YES;
				CLANG_WARN_EMPTY_BODY = YES;
				CLANG_WARN_ENUM_CONVERSION = YES;
				CLANG_WARN_INFINITE_RECURSION = YES;
				CLANG_WARN_INT_CONVERSION = YES;
				CLANG_WARN_NON_LITERAL_NULL_CONVERSION = YES;
				CLANG_WARN_OBJC_IMPLICIT_RETAIN_SELF = YES;
				CLANG_WARN_OBJC_LITERAL_CONVERSION = YES;
				CLANG_WARN_OBJC_ROOT_CLASS = YES_ERROR;
				CLANG_WARN_RANGE_LOOP_ANALYSIS = YES;
				CLANG_WARN_STRICT_PROTOTYPES = YES;
				CLANG_WARN_SUSPICIOUS_MOVE = YES;
				CLANG_WARN_UNGUARDED_AVAILABILITY = YES_AGGRESSIVE;
				CLANG_WARN_UNREACHABLE_CODE = YES;
				CLANG_WARN__DUPLICATE_METHOD_MATCH = YES;
				CODE_SIGN_IDENTITY = "iPhone Developer";
				COPY_PHASE_STRIP = NO;
				DEBUG_INFORMATION_FORMAT = "dwarf-with-dsym";
				ENABLE_NS_ASSERTIONS = NO;
				ENABLE_STRICT_OBJC_MSGSEND = YES;
				GCC_C_LANGUAGE_STANDARD = gnu11;
				GCC_NO_COMMON_BLOCKS = YES;
				GCC_WARN_64_TO_32_BIT_CONVERSION = YES;
				GCC_WARN_ABOUT_RETURN_TYPE = YES_ERROR;
				GCC_WARN_UNDECLARED_SELECTOR = YES;
				GCC_WARN_UNINITIALIZED_AUTOS = YES_AGGRESSIVE;
				GCC_WARN_UNUSED_FUNCTION = YES;
				GCC_WARN_UNUSED_VARIABLE = YES;
				IPHONEOS_DEPLOYMENT_TARGET = 12.1;
				MTL_ENABLE_DEBUG_INFO = NO;
				MTL_FAST_MATH = YES;
				SDKROOT = iphoneos;
				SWIFT_COMPILATION_MODE = wholemodule;
				SWIFT_OPTIMIZATION_LEVEL = "-O";
				VALIDATE_PRODUCT = YES;
			};
			name = Release;
		};
		1FEFF4B92200F4A300C4C4C1 /* Debug */ = {
			isa = XCBuildConfiguration;
			baseConfigurationReference = BE7A11DE35E7B7EADB21564F /* Pods-TCPTest.debug.xcconfig */;
			buildSettings = {
				ASSETCATALOG_COMPILER_APPICON_NAME = AppIcon;
				CODE_SIGN_STYLE = Automatic;
				DEVELOPMENT_TEAM = R3L5L58U56;
				INFOPLIST_FILE = TCPTest/Info.plist;
				LD_RUNPATH_SEARCH_PATHS = (
					"$(inherited)",
					"@executable_path/Frameworks",
				);
				PRODUCT_BUNDLE_IDENTIFIER = com.frl.IMUUdp;
				PRODUCT_NAME = "$(TARGET_NAME)";
				SWIFT_VERSION = 4.2;
				TARGETED_DEVICE_FAMILY = "1,2";
			};
			name = Debug;
		};
		1FEFF4BA2200F4A300C4C4C1 /* Release */ = {
			isa = XCBuildConfiguration;
			baseConfigurationReference = 4D180DE0A69B026A7FF7A940 /* Pods-TCPTest.release.xcconfig */;
			buildSettings = {
				ASSETCATALOG_COMPILER_APPICON_NAME = AppIcon;
				CODE_SIGN_STYLE = Automatic;
				DEVELOPMENT_TEAM = R3L5L58U56;
				INFOPLIST_FILE = TCPTest/Info.plist;
				LD_RUNPATH_SEARCH_PATHS = (
					"$(inherited)",
					"@executable_path/Frameworks",
				);
				PRODUCT_BUNDLE_IDENTIFIER = com.frl.IMUUdp;
				PRODUCT_NAME = "$(TARGET_NAME)";
				SWIFT_VERSION = 4.2;
				TARGETED_DEVICE_FAMILY = "1,2";
			};
			name = Release;
		};
/* End XCBuildConfiguration section */

/* Begin XCConfigurationList section */
		1FEFF4A12200F4A200C4C4C1 /* Build configuration list for PBXProject "TCPTest" */ = {
			isa = XCConfigurationList;
			buildConfigurations = (
				1FEFF4B62200F4A300C4C4C1 /* Debug */,
				1FEFF4B72200F4A300C4C4C1 /* Release */,
			);
			defaultConfigurationIsVisible = 0;
			defaultConfigurationName = Release;
		};
		1FEFF4B82200F4A300C4C4C1 /* Build configuration list for PBXNativeTarget "TCPTest" */ = {
			isa = XCConfigurationList;
			buildConfigurations = (
				1FEFF4B92200F4A300C4C4C1 /* Debug */,
				1FEFF4BA2200F4A300C4C4C1 /* Release */,
			);
			defaultConfigurationIsVisible = 0;
			defaultConfigurationName = Release;
		};
/* End XCConfigurationList section */
	};
	rootObject = 1FEFF49E2200F4A200C4C4C1 /* Project object */;
}
